
Microsoft Visual Studio Solution File, Format Version 12.00
# Visual Studio Version 17
VisualStudioVersion = 17.6.33723.286
MinimumVisualStudioVersion = 10.0.40219.1
Project("{FAE04EC0-301F-11D3-BF4B-00C04F79EFBC}") = "ADO.NET_LESSON_1", "ADO.NET_LESSON_1.csproj", "{DC3179F2-0E83-4514-9ABF-2ECC86FFE9CE}"
EndProject
Global
	GlobalSection(SolutionConfigurationPlatforms) = preSolution
		Debug|Any CPU = Debug|Any CPU
		Release|Any CPU = Release|Any CPU
	EndGlobalSection
	GlobalSection(ProjectConfigurationPlatforms) = postSolution
		{DC3179F2-0E83-4514-9ABF-2ECC86FFE9CE}.Debug|Any CPU.ActiveCfg = Debug|Any CPU
		{DC3179F2-0E83-4514-9ABF-2ECC86FFE9CE}.Debug|Any CPU.Build.0 = Debug|Any CPU
		{DC3179F2-0E83-4514-9ABF-2ECC86FFE9CE}.Release|Any CPU.ActiveCfg = Release|Any CPU
		{DC3179F2-0E83-4514-9ABF-2ECC86FFE9CE}.Release|Any CPU.Build.0 = Release|Any CPU
	EndGlobalSection
	GlobalSection(SolutionProperties) = preSolution
		HideSolutionNode = FALSE
	EndGlobalSection
	GlobalSection(ExtensibilityGlobals) = postSolution
		SolutionGuid = {60FB8BE9-3FA1-4375-A754-F48B48DEA29F}
	EndGlobalSection
EndGlobal
